
Microsoft Visual Studio Solution File, Format Version 12.00
# Visual Studio Version 16
VisualStudioVersion = 16.0.30523.141
MinimumVisualStudioVersion = 10.0.40219.1
Project("{FAE04EC0-301F-11D3-BF4B-00C04F79EFBC}") = "ERP_PROG1", "ERP_PROG\ERP_PROG1.csproj", "{2A6A5DA8-E4CC-49F9-919E-7205EF2A38D9}"
EndProject
Project("{FAE04EC0-301F-11D3-BF4B-00C04F79EFBC}") = "ERP_PROG", "..\..\..\..\Documents\카카오톡 받은 파일\ERP_PROG_김가빈\ERP_PROG.csproj", "{0E365A5D-095D-4126-8018-065B777622F0}"
EndProject
Global
	GlobalSection(SolutionConfigurationPlatforms) = preSolution
		Debug|Any CPU = Debug|Any CPU
		Release|Any CPU = Release|Any CPU
	EndGlobalSection
	GlobalSection(ProjectConfigurationPlatforms) = postSolution
		{2A6A5DA8-E4CC-49F9-919E-7205EF2A38D9}.Debug|Any CPU.ActiveCfg = Debug|Any CPU
		{2A6A5DA8-E4CC-49F9-919E-7205EF2A38D9}.Debug|Any CPU.Build.0 = Debug|Any CPU
		{2A6A5DA8-E4CC-49F9-919E-7205EF2A38D9}.Release|Any CPU.ActiveCfg = Release|Any CPU
		{2A6A5DA8-E4CC-49F9-919E-7205EF2A38D9}.Release|Any CPU.Build.0 = Release|Any CPU
		{0E365A5D-095D-4126-8018-065B777622F0}.Debug|Any CPU.ActiveCfg = Debug|Any CPU
		{0E365A5D-095D-4126-8018-065B777622F0}.Debug|Any CPU.Build.0 = Debug|Any CPU
		{0E365A5D-095D-4126-8018-065B777622F0}.Release|Any CPU.ActiveCfg = Release|Any CPU
		{0E365A5D-095D-4126-8018-065B777622F0}.Release|Any CPU.Build.0 = Release|Any CPU
	EndGlobalSection
	GlobalSection(SolutionProperties) = preSolution
		HideSolutionNode = FALSE
	EndGlobalSection
	GlobalSection(ExtensibilityGlobals) = postSolution
		SolutionGuid = {810D92CC-B52B-4E6A-B112-5C2CA1B16EB6}
	EndGlobalSection
EndGlobal
